{
  "version": "5",
  "specifiers": {
    "npm:@supabase/supabase-js@2": "2.76.1",
    "npm:resend@*": "6.4.2",
    "npm:stripe@16.5.0": "16.5.0"
  },
  "npm": {
    "@stablelib/base64@1.0.1": {
      "integrity": "sha512-1bnPQqSxSuc3Ii6MhBysoWCg58j97aUjuCSZrGSmDxNqtytIi0k8utUenAwTZN4V5mXXYGsVUI9zeBqy+jBOSQ=="
    },
    "@supabase/auth-js@2.76.1": {
      "integrity": "sha512-bxmcgPuyjTUBg7+jAohJ15TDh3ph4hXcv7QkRsQgnIpszurD5LYaJPzX638ETQ8zDL4fvHZRHfGrcmHV8C91jA==",
      "dependencies": [
        "@supabase/node-fetch",
        "tslib"
      ]
    },
    "@supabase/functions-js@2.76.1": {
      "integrity": "sha512-+zJym/GC1sofm5QYKGxHSszCpMW4Ao2dj/WC3YlffAGuIlIhUtWTJvKsv5q7sWaSKUKdDhGpWhZ2OD++fW5BtQ==",
      "dependencies": [
        "@supabase/node-fetch",
        "tslib"
      ]
    },
    "@supabase/node-fetch@2.6.15": {
      "integrity": "sha512-1ibVeYUacxWYi9i0cf5efil6adJ9WRyZBLivgjs+AUpewx1F3xPi7gLgaASI2SmIQxPoCEjAsLAzKPgMJVgOUQ==",
      "dependencies": [
        "whatwg-url"
      ]
    },
    "@supabase/postgrest-js@2.76.1": {
      "integrity": "sha512-QJ1Cwim6L9gzWKP8U4Lgw9x/4lMWkZSVMDRYFCH+vVGitVbtfU885swTiioOjjUe4EYGZm+Xktg90twzSVv6IA==",
      "dependencies": [
        "@supabase/node-fetch",
        "tslib"
      ]
    },
    "@supabase/realtime-js@2.76.1": {
      "integrity": "sha512-B5Lfmprea2fx2FS7obp4uAWiRUlEa6j9J3+BvvETGp/2LdkSRBaLEJCBylfcZTXk67ajNPX6ppvKvAZsckqXYg==",
      "dependencies": [
        "@supabase/node-fetch",
        "@types/phoenix",
        "@types/ws",
        "tslib",
        "ws"
      ]
    },
    "@supabase/storage-js@2.76.1": {
      "integrity": "sha512-OJiNT8tocI9tcTjTjv1SBVLabzgEnS1NorZuqivkiJ0gTYmeg2c2PFmqCARhoQ4whF6zR9MVsX/Mtj2oSv4i/w==",
      "dependencies": [
        "@supabase/node-fetch",
        "tslib"
      ]
    },
    "@supabase/supabase-js@2.76.1": {
      "integrity": "sha512-dYMh9EsTVXZ6WbQ0QmMGIhbXct5+x636tXXaaxUmwjj3kY1jyBTQU8QehxAIfjyRu1mWGV07hoYmTYakkxdSGQ==",
      "dependencies": [
        "@supabase/auth-js",
        "@supabase/functions-js",
        "@supabase/node-fetch",
        "@supabase/postgrest-js",
        "@supabase/realtime-js",
        "@supabase/storage-js"
      ]
    },
    "@types/node@22.18.12": {
      "integrity": "sha512-BICHQ67iqxQGFSzfCFTT7MRQ5XcBjG5aeKh5Ok38UBbPe5fxTyE+aHFxwVrGyr8GNlqFMLKD1D3P2K/1ks8tog==",
      "dependencies": [
        "undici-types@6.21.0"
      ]
    },
    "@types/node@24.2.0": {
      "integrity": "sha512-3xyG3pMCq3oYCNg7/ZP+E1ooTaGB4cG8JWRsqqOYQdbWNY4zbaV0Ennrd7stjiJEFZCaybcIgpTjJWHRfBSIDw==",
      "dependencies": [
        "undici-types@7.10.0"
      ]
    },
    "@types/node@24.9.1": {
      "integrity": "sha512-QoiaXANRkSXK6p0Duvt56W208du4P9Uye9hWLWgGMDTEoKPhuenzNcC4vGUmrNkiOKTlIrBoyNQYNpSwfEZXSg==",
      "dependencies": [
        "undici-types@7.16.0"
      ]
    },
    "@types/phoenix@1.6.6": {
      "integrity": "sha512-PIzZZlEppgrpoT2QgbnDU+MMzuR6BbCjllj0bM70lWoejMeNJAxCchxnv7J3XFkI8MpygtRpzXrIlmWUBclP5A=="
    },
    "@types/ws@8.18.1": {
      "integrity": "sha512-ThVF6DCVhA8kUGy+aazFQ4kXQ7E1Ty7A3ypFOe0IcJV8O/M511G99AW24irKrW56Wt44yG9+ij8FaqoBGkuBXg==",
      "dependencies": [
        "@types/node@24.2.0"
      ]
    },
    "call-bind-apply-helpers@1.0.2": {
      "integrity": "sha512-Sp1ablJ0ivDkSzjcaJdxEunN5/XvksFJ2sMBFfq6x0ryhQV/2b/KwFe21cMpmHtPOSij8K99/wSfoEuTObmuMQ==",
      "dependencies": [
        "es-errors",
        "function-bind"
      ]
    },
    "call-bound@1.0.4": {
      "integrity": "sha512-+ys997U96po4Kx/ABpBCqhA9EuxJaQWDQg7295H4hBphv3IZg0boBKuwYpt4YXp6MZ5AmZQnU/tyMTlRpaSejg==",
      "dependencies": [
        "call-bind-apply-helpers",
        "get-intrinsic"
      ]
    },
    "dunder-proto@1.0.1": {
      "integrity": "sha512-KIN/nDJBQRcXw0MLVhZE9iQHmG68qAVIBg9CqmUYjmQIhgij9U5MFvrqkUL5FbtyyzZuOeOt0zdeRe4UY7ct+A==",
      "dependencies": [
        "call-bind-apply-helpers",
        "es-errors",
        "gopd"
      ]
    },
    "es-define-property@1.0.1": {
      "integrity": "sha512-e3nRfgfUZ4rNGL232gUgX06QNyyez04KdjFrF+LTRoOXmrOgFKDg4BCdsjW8EnT69eqdYGmRpJwiPVYNrCaW3g=="
    },
    "es-errors@1.3.0": {
      "integrity": "sha512-Zf5H2Kxt2xjTvbJvP2ZWLEICxA6j+hAmMzIlypy4xcBg1vKVnx89Wy0GbS+kf5cwCVFFzdCFh2XSCFNULS6csw=="
    },
    "es-object-atoms@1.1.1": {
      "integrity": "sha512-FGgH2h8zKNim9ljj7dankFPcICIK9Cp5bm+c2gQSYePhpaG5+esrLODihIorn+Pe6FGJzWhXQotPv73jTaldXA==",
      "dependencies": [
        "es-errors"
      ]
    },
    "es6-promise@4.2.8": {
      "integrity": "sha512-HJDGx5daxeIvxdBxvG2cb9g4tEvwIk3i8+nhX0yGrYmZUzbkdg8QbDevheDB8gd0//uPj4c1EQua8Q+MViT0/w=="
    },
    "fast-sha256@1.3.0": {
      "integrity": "sha512-n11RGP/lrWEFI/bWdygLxhI+pVeo1ZYIVwvvPkW7azl/rOy+F3HYRZ2K5zeE9mmkhQppyv9sQFx0JM9UabnpPQ=="
    },
    "function-bind@1.1.2": {
      "integrity": "sha512-7XHNxH7qX9xG5mIwxkhumTox/MIRNcOgDrxWsMt2pAr23WHp6MrRlN7FBSFpCpr+oVO0F744iUgR82nJMfG2SA=="
    },
    "get-intrinsic@1.3.0": {
      "integrity": "sha512-9fSjSaos/fRIVIp+xSJlE6lfwhES7LNtKaCBIamHsjr2na1BiABJPo0mOjjz8GJDURarmCPGqaiVg5mfjb98CQ==",
      "dependencies": [
        "call-bind-apply-helpers",
        "es-define-property",
        "es-errors",
        "es-object-atoms",
        "function-bind",
        "get-proto",
        "gopd",
        "has-symbols",
        "hasown",
        "math-intrinsics"
      ]
    },
    "get-proto@1.0.1": {
      "integrity": "sha512-sTSfBjoXBp89JvIKIefqw7U2CCebsc74kiY6awiGogKtoSGbgjYE/G/+l9sF3MWFPNc9IcoOC4ODfKHfxFmp0g==",
      "dependencies": [
        "dunder-proto",
        "es-object-atoms"
      ]
    },
    "gopd@1.2.0": {
      "integrity": "sha512-ZUKRh6/kUFoAiTAtTYPZJ3hw9wNxx+BIBOijnlG9PnrJsCcSjs1wyyD6vJpaYtgnzDrKYRSqf3OO6Rfa93xsRg=="
    },
    "has-symbols@1.1.0": {
      "integrity": "sha512-1cDNdwJ2Jaohmb3sg4OmKaMBwuC48sYni5HUw2DvsC8LjGTLK9h+eb1X6RyuOHe4hT0ULCW68iomhjUoKUqlPQ=="
    },
    "hasown@2.0.2": {
      "integrity": "sha512-0hJU9SCPvmMzIBdZFqNPXWa6dqh7WdH0cII9y+CyS8rG3nL48Bclra9HmKhVVUHyPWNH5Y7xDwAB7bfgSjkUMQ==",
      "dependencies": [
        "function-bind"
      ]
    },
    "math-intrinsics@1.1.0": {
      "integrity": "sha512-/IXtbwEk5HTPyEwyKX6hGkYXxM9nbj64B+ilVJnC/R6B0pH5G4V3b0pVbL7DBj4tkhBAppbQUlf6F6Xl9LHu1g=="
    },
    "object-inspect@1.13.4": {
      "integrity": "sha512-W67iLl4J2EXEGTbfeHCffrjDfitvLANg0UlX3wFUUSTx92KXRFegMHUVgSqE+wvhAbi4WqjGg9czysTV2Epbew=="
    },
    "qs@6.14.0": {
      "integrity": "sha512-YWWTjgABSKcvs/nWBi9PycY/JiPJqOD4JA6o9Sej2AtvSGarXxKC3OQSk4pAarbdQlKAh5D4FCQkJNkW+GAn3w==",
      "dependencies": [
        "side-channel"
      ]
    },
    "querystringify@2.2.0": {
      "integrity": "sha512-FIqgj2EUvTa7R50u0rGsyTftzjYmv/a3hO345bZNrqabNqjtgiDMgmo4mkUjd+nzU5oF3dClKqFIPUKybUyqoQ=="
    },
    "requires-port@1.0.0": {
      "integrity": "sha512-KigOCHcocU3XODJxsu8i/j8T9tzT4adHiecwORRQ0ZZFcp7ahwXuRU1m+yuO90C5ZUyGeGfocHDI14M3L3yDAQ=="
    },
    "resend@6.4.2": {
      "integrity": "sha512-YnxmwneltZtjc7Xff+8ZjG1/xPLdstCiqsedgO/JxWTf7vKRAPCx6CkhQ3ZXskG0mrmf8+I5wr/wNRd8PQMUfw==",
      "dependencies": [
        "svix"
      ]
    },
    "side-channel-list@1.0.0": {
      "integrity": "sha512-FCLHtRD/gnpCiCHEiJLOwdmFP+wzCmDEkc9y7NsYxeF4u7Btsn1ZuwgwJGxImImHicJArLP4R0yX4c2KCrMrTA==",
      "dependencies": [
        "es-errors",
        "object-inspect"
      ]
    },
    "side-channel-map@1.0.1": {
      "integrity": "sha512-VCjCNfgMsby3tTdo02nbjtM/ewra6jPHmpThenkTYh8pG9ucZ/1P8So4u4FGBek/BjpOVsDCMoLA/iuBKIFXRA==",
      "dependencies": [
        "call-bound",
        "es-errors",
        "get-intrinsic",
        "object-inspect"
      ]
    },
    "side-channel-weakmap@1.0.2": {
      "integrity": "sha512-WPS/HvHQTYnHisLo9McqBHOJk2FkHO/tlpvldyrnem4aeQp4hai3gythswg6p01oSoTl58rcpiFAjF2br2Ak2A==",
      "dependencies": [
        "call-bound",
        "es-errors",
        "get-intrinsic",
        "object-inspect",
        "side-channel-map"
      ]
    },
    "side-channel@1.1.0": {
      "integrity": "sha512-ZX99e6tRweoUXqR+VBrslhda51Nh5MTQwou5tnUDgbtyM0dBgmhEDtWGP/xbKn6hqfPRHujUNwz5fy/wbbhnpw==",
      "dependencies": [
        "es-errors",
        "object-inspect",
        "side-channel-list",
        "side-channel-map",
        "side-channel-weakmap"
      ]
    },
    "stripe@16.5.0": {
      "integrity": "sha512-5qY2Va8pmnqS/dcKsQKJnk9kkYCtS6hqjN7kktZEmdxVohZHvbT9pOWK8UUKRInTXYkCNl6x505tO5416KLPsQ==",
      "dependencies": [
        "@types/node@24.9.1",
        "qs"
      ]
    },
    "svix@1.76.1": {
      "integrity": "sha512-CRuDWBTgYfDnBLRaZdKp9VuoPcNUq9An14c/k+4YJ15Qc5Grvf66vp0jvTltd4t7OIRj+8lM1DAgvSgvf7hdLw==",
      "dependencies": [
        "@stablelib/base64",
        "@types/node@22.18.12",
        "es6-promise",
        "fast-sha256",
        "url-parse",
        "uuid"
      ]
    },
    "tr46@0.0.3": {
      "integrity": "sha512-N3WMsuqV66lT30CrXNbEjx4GEwlow3v6rr4mCcv6prnfwhS01rkgyFdjPNBYd9br7LpXV1+Emh01fHnq2Gdgrw=="
    },
    "tslib@2.8.1": {
      "integrity": "sha512-oJFu94HQb+KVduSUQL7wnpmqnfmLsOA/nAh6b6EH0wCEoK0/mPeXU6c3wKDV83MkOuHPRHtSXKKU99IBazS/2w=="
    },
    "undici-types@6.21.0": {
      "integrity": "sha512-iwDZqg0QAGrg9Rav5H4n0M64c3mkR59cJ6wQp+7C4nI0gsmExaedaYLNO44eT4AtBBwjbTiGPMlt2Md0T9H9JQ=="
    },
    "undici-types@7.10.0": {
      "integrity": "sha512-t5Fy/nfn+14LuOc2KNYg75vZqClpAiqscVvMygNnlsHBFpSXdJaYtXMcdNLpl/Qvc3P2cB3s6lOV51nqsFq4ag=="
    },
    "undici-types@7.16.0": {
      "integrity": "sha512-Zz+aZWSj8LE6zoxD+xrjh4VfkIG8Ya6LvYkZqtUQGJPZjYl53ypCaUwWqo7eI0x66KBGeRo+mlBEkMSeSZ38Nw=="
    },
    "url-parse@1.5.10": {
      "integrity": "sha512-WypcfiRhfeUP9vvF0j6rw0J3hrWrw6iZv3+22h6iRMJ/8z1Tj6XfLP4DsUix5MhMPnXpiHDoKyoZ/bdCkwBCiQ==",
      "dependencies": [
        "querystringify",
        "requires-port"
      ]
    },
    "uuid@10.0.0": {
      "integrity": "sha512-8XkAphELsDnEGrDxUOHB3RGvXz6TeuYSGEZBOjtTtPm2lwhGBjLgOzLHB63IUWfBpNucQjND6d3AOudO+H3RWQ==",
      "bin": true
    },
    "webidl-conversions@3.0.1": {
      "integrity": "sha512-2JAn3z8AR6rjK8Sm8orRC0h/bcl/DqL7tRPdGZ4I1CjdF+EaMLmYxBHyXuKL849eucPFhvBoxMsflfOb8kxaeQ=="
    },
    "whatwg-url@5.0.0": {
      "integrity": "sha512-saE57nupxk6v3HY35+jzBwYa0rKSy0XR8JSxZPwgLr7ys0IBzhGviA1/TUGJLmSVqs8pb9AnvICXEuOHLprYTw==",
      "dependencies": [
        "tr46",
        "webidl-conversions"
      ]
    },
    "ws@8.18.3": {
      "integrity": "sha512-PEIGCY5tSlUt50cqyMXfCzX+oOPqN0vuGqWzbcJ2xvnkzkq46oOpz7dQaTDBdfICb4N14+GARUDw2XV2N4tvzg=="
    }
  },
  "workspace": {
    "dependencies": [
      "npm:@supabase/supabase-js@2",
      "npm:resend@*",
      "npm:stripe@16.5.0"
    ]
  }
}
